github.com/go-telegram-bot-api/telegram-bot-api/v5 v5.5.1 h1:wG8n/XJQ07TmjbITcGiUaOtXxdrINDz1b0J1w0SzqDc=
github.com/go-telegram-bot-api/telegram-bot-api/v5 v5.5.1/go.mod h1:A2S0CWkNylc2phvKXWBBdD3K0iGnDBGbzRpISP2zBl8=
github.com/gocarina/gocsv v0.0.0-20220914091333-ceebdd90b590 h1:kIpPkB0pou96A3BcLtWVtyPyX4Egz+8kcpjCkjmLwvc=
github.com/gocarina/gocsv v0.0.0-20220914091333-ceebdd90b590/go.mod h1:5YoVOkjYAQumqlV356Hj3xeYh4BdZuLE0/nRkf2NKkI=
github.com/kelseyhightower/envconfig v1.4.0 h1:Im6hONhd3pLkfDFsbRgu68RDNkGF1r3dvMUtDTo2cv8=
github.com/kelseyhightower/envconfig v1.4.0/go.mod h1:cccZRl6mQpaq41TPp5QxidR+Sa3axMbJDNb//FQX6Gg=
